<?xml version="1.0" encoding="utf-8"?>
<Project ToolsVersion="4.0" xmlns="http://schemas.microsoft.com/developer/msbuild/2003">
  <ItemGroup>
    <Filter Include="Source Files">
      <UniqueIdentifier>{4FC737F1-C7A5-4376-A066-2A32D752A2FF}</UniqueIdentifier>
      <Extensions>cpp;c;cc;cxx;def;odl;idl;hpj;bat;asm;asmx</Extensions>
    </Filter>
    <Filter Include="Header Files">
      <UniqueIdentifier>{93995380-89BD-4b04-88EB-625FBE52EBFB}</UniqueIdentifier>
      <Extensions>h;hh;hpp;hxx;hm;inl;inc;xsd</Extensions>
    </Filter>
    <Filter Include="Resource Files">
      <UniqueIdentifier>{67DA6AB6-F800-4c08-8B7A-83BB121AAD01}</UniqueIdentifier>
      <Extensions>rc;ico;cur;bmp;dlg;rc2;rct;bin;rgs;gif;jpg;jpeg;jpe;resx;tiff;tif;png;wav;mfcribbon-ms</Extensions>
    </Filter>
    <Filter Include="Detours">
      <UniqueIdentifier>{c2d7a66d-9052-4115-b82f-dde6a781cff5}</UniqueIdentifier>
    </Filter>
    <Filter Include="Source Files\Features">
      <UniqueIdentifier>{d6ef710b-60d5-4d2e-b70d-1facdff5ec05}</UniqueIdentifier>
    </Filter>
    <Filter Include="Source Files\Features\Windowed">
      <UniqueIdentifier>{7e95f2d0-1fc9-43d2-801e-e09dc27aa2f8}</UniqueIdentifier>
    </Filter>
  </ItemGroup>
  <ItemGroup>
    <Text Include="ReadMe.txt" />
  </ItemGroup>
  <ItemGroup>
    <ClInclude Include="stdafx.h">
      <Filter>Header Files</Filter>
    </ClInclude>
    <ClInclude Include="targetver.h">
      <Filter>Header Files</Filter>
    </ClInclude>
    <ClInclude Include="AeTypes.h">
      <Filter>Header Files</Filter>
    </ClInclude>
    <ClInclude Include="AliveApi.h">
      <Filter>Header Files</Filter>
    </ClInclude>
    <ClInclude Include="ClrFunctions.h">
      <Filter>Header Files</Filter>
    </ClInclude>
    <ClInclude Include="CustomObject.h">
      <Filter>Source Files</Filter>
    </ClInclude>
    <ClInclude Include="XInputSupport.h">
      <Filter>Source Files\Features</Filter>
    </ClInclude>
    <ClInclude Include="HookAPI.h">
      <Filter>Header Files</Filter>
    </ClInclude>
    <ClInclude Include="Main.h">
      <Filter>Header Files</Filter>
    </ClInclude>
    <ClInclude Include="Hooks.h">
      <Filter>Header Files</Filter>
    </ClInclude>
    <ClInclude Include="Reimplementation.h">
      <Filter>Header Files</Filter>
    </ClInclude>
    <ClInclude Include="windowed\ddraw7proxy.hpp">
      <Filter>Source Files\Features\Windowed</Filter>
    </ClInclude>
    <ClInclude Include="windowed\dsurface7proxy.hpp">
      <Filter>Source Files\Features\Windowed</Filter>
    </ClInclude>
    <ClInclude Include="windowed\window_hooks.hpp">
      <Filter>Source Files\Features\Windowed</Filter>
    </ClInclude>
  </ItemGroup>
  <ItemGroup>
    <ClCompile Include="stdafx.cpp">
      <Filter>Source Files</Filter>
    </ClCompile>
    <ClCompile Include="dllmain.cpp">
      <Filter>Source Files</Filter>
    </ClCompile>
    <ClCompile Include="ClrFunctions.cpp">
      <Filter>Source Files</Filter>
    </ClCompile>
    <ClCompile Include="detours\detours.cpp">
      <Filter>Detours</Filter>
    </ClCompile>
    <ClCompile Include="detours\creatwth.cpp">
      <Filter>Detours</Filter>
    </ClCompile>
    <ClCompile Include="detours\disasm.cpp">
      <Filter>Detours</Filter>
    </ClCompile>
    <ClCompile Include="detours\disolx86.cpp">
      <Filter>Detours</Filter>
    </ClCompile>
    <ClCompile Include="detours\image.cpp">
      <Filter>Detours</Filter>
    </ClCompile>
    <ClCompile Include="detours\modules.cpp">
      <Filter>Detours</Filter>
    </ClCompile>
    <ClCompile Include="HookAPI.cpp">
      <Filter>Source Files</Filter>
    </ClCompile>
    <ClCompile Include="Main.cpp">
      <Filter>Source Files</Filter>
    </ClCompile>
    <ClCompile Include="windowed\window_hooks.cpp">
      <Filter>Source Files\Features\Windowed</Filter>
    </ClCompile>
  </ItemGroup>
</Project>